
Microsoft Visual Studio Solution File, Format Version 11.00
# Visual Studio 2010
Project("{8BC9CEB8-8B4A-11D0-8D11-00A0C91BC942}") = "Server1", "Server1\Server1.vcxproj", "{0F835ECE-CCB4-47FF-8134-74837F166C73}"
EndProject
Project("{8BC9CEB8-8B4A-11D0-8D11-00A0C91BC942}") = "Client1", "Client1\Client1.vcxproj", "{FDA8B3FE-6BBF-4378-96E3-DBAE3DA6C5B6}"
EndProject
Project("{8BC9CEB8-8B4A-11D0-8D11-00A0C91BC942}") = "Client_UDP", "Client_UDP\Client_UDP.vcxproj", "{CAA47879-CB04-4024-A9CE-B301A1CE3BBC}"
EndProject
Project("{8BC9CEB8-8B4A-11D0-8D11-00A0C91BC942}") = "Server_UDP", "Server_UDP\Server_UDP.vcxproj", "{90060348-5733-4A79-9BF4-E10E6B726ADD}"
EndProject
Global
	GlobalSection(SolutionConfigurationPlatforms) = preSolution
		Debug|Win32 = Debug|Win32
		Release|Win32 = Release|Win32
	EndGlobalSection
	GlobalSection(ProjectConfigurationPlatforms) = postSolution
		{0F835ECE-CCB4-47FF-8134-74837F166C73}.Debug|Win32.ActiveCfg = Debug|Win32
		{0F835ECE-CCB4-47FF-8134-74837F166C73}.Debug|Win32.Build.0 = Debug|Win32
		{0F835ECE-CCB4-47FF-8134-74837F166C73}.Release|Win32.ActiveCfg = Release|Win32
		{0F835ECE-CCB4-47FF-8134-74837F166C73}.Release|Win32.Build.0 = Release|Win32
		{FDA8B3FE-6BBF-4378-96E3-DBAE3DA6C5B6}.Debug|Win32.ActiveCfg = Debug|Win32
		{FDA8B3FE-6BBF-4378-96E3-DBAE3DA6C5B6}.Debug|Win32.Build.0 = Debug|Win32
		{FDA8B3FE-6BBF-4378-96E3-DBAE3DA6C5B6}.Release|Win32.ActiveCfg = Release|Win32
		{FDA8B3FE-6BBF-4378-96E3-DBAE3DA6C5B6}.Release|Win32.Build.0 = Release|Win32
		{CAA47879-CB04-4024-A9CE-B301A1CE3BBC}.Debug|Win32.ActiveCfg = Debug|Win32
		{CAA47879-CB04-4024-A9CE-B301A1CE3BBC}.Debug|Win32.Build.0 = Debug|Win32
		{CAA47879-CB04-4024-A9CE-B301A1CE3BBC}.Release|Win32.ActiveCfg = Release|Win32
		{CAA47879-CB04-4024-A9CE-B301A1CE3BBC}.Release|Win32.Build.0 = Release|Win32
		{90060348-5733-4A79-9BF4-E10E6B726ADD}.Debug|Win32.ActiveCfg = Debug|Win32
		{90060348-5733-4A79-9BF4-E10E6B726ADD}.Debug|Win32.Build.0 = Debug|Win32
		{90060348-5733-4A79-9BF4-E10E6B726ADD}.Release|Win32.ActiveCfg = Release|Win32
		{90060348-5733-4A79-9BF4-E10E6B726ADD}.Release|Win32.Build.0 = Release|Win32
	EndGlobalSection
	GlobalSection(SolutionProperties) = preSolution
		HideSolutionNode = FALSE
	EndGlobalSection
EndGlobal
